// !$*UTF8*$!
{
	archiveVersion = 1;
	classes = {
	};
	objectVersion = 46;
	objects = {

/* Begin PBXBuildFile section */
		0F2801CC1E94E74800678260 /* main.m in Sources */ = {isa = PBXBuildFile; fileRef = 0F2801CB1E94E74800678260 /* main.m */; };
		0F2801CF1E94E74800678260 /* AppDelegate.m in Sources */ = {isa = PBXBuildFile; fileRef = 0F2801CE1E94E74800678260 /* AppDelegate.m */; };
		0F2801D21E94E74800678260 /* ViewController.m in Sources */ = {isa = PBXBuildFile; fileRef = 0F2801D11E94E74800678260 /* ViewController.m */; };
		0F2801D51E94E74800678260 /* Main.storyboard in Resources */ = {isa = PBXBuildFile; fileRef = 0F2801D31E94E74800678260 /* Main.storyboard */; };
		0F2801D71E94E74900678260 /* Assets.xcassets in Resources */ = {isa = PBXBuildFile; fileRef = 0F2801D61E94E74900678260 /* Assets.xcassets */; };
		0F2801DA1E94E74900678260 /* LaunchScreen.storyboard in Resources */ = {isa = PBXBuildFile; fileRef = 0F2801D81E94E74900678260 /* LaunchScreen.storyboard */; };
		0F2801E71E94EBF000678260 /* UINavigationController+Cloudox.m in Sources */ = {isa = PBXBuildFile; fileRef = 0F2801E61E94EBF000678260 /* UINavigationController+Cloudox.m */; };
		0F2801EA1E94EE2600678260 /* UIViewController+Cloudox.m in Sources */ = {isa = PBXBuildFile; fileRef = 0F2801E91E94EE2600678260 /* UIViewController+Cloudox.m */; };
		0F2F26791E96068700C878B4 /* NextViewController.m in Sources */ = {isa = PBXBuildFile; fileRef = 0F2F26781E96068700C878B4 /* NextViewController.m */; };
/* End PBXBuildFile section */

/* Begin PBXFileReference section */
		0F2801C71E94E74800678260 /* MyNavigationBar.app */ = {isa = PBXFileReference; explicitFileType = wrapper.application; includeInIndex = 0; path = MyNavigationBar.app; sourceTree = BUILT_PRODUCTS_DIR; };
		0F2801CB1E94E74800678260 /* main.m */ = {isa = PBXFileReference; lastKnownFileType = sourcecode.c.objc; path = main.m; sourceTree = "<group>"; };
		0F2801CD1E94E74800678260 /* AppDelegate.h */ = {isa = PBXFileReference; lastKnownFileType = sourcecode.c.h; path = AppDelegate.h; sourceTree = "<group>"; };
		0F2801CE1E94E74800678260 /* AppDelegate.m */ = {isa = PBXFileReference; lastKnownFileType = sourcecode.c.objc; path = AppDelegate.m; sourceTree = "<group>"; };
		0F2801D01E94E74800678260 /* ViewController.h */ = {isa = PBXFileReference; lastKnownFileType = sourcecode.c.h; path = ViewController.h; sourceTree = "<group>"; };
		0F2801D11E94E74800678260 /* ViewController.m */ = {isa = PBXFileReference; lastKnownFileType = sourcecode.c.objc; path = ViewController.m; sourceTree = "<group>"; };
		0F2801D41E94E74800678260 /* Base */ = {isa = PBXFileReference; lastKnownFileType = file.storyboard; name = Base; path = Base.lproj/Main.storyboard; sourceTree = "<group>"; };
		0F2801D61E94E74900678260 /* Assets.xcassets */ = {isa = PBXFileReference; lastKnownFileType = folder.assetcatalog; path = Assets.xcassets; sourceTree = "<group>"; };
		0F2801D91E94E74900678260 /* Base */ = {isa = PBXFileReference; lastKnownFileType = file.storyboard; name = Base; path = Base.lproj/LaunchScreen.storyboard; sourceTree = "<group>"; };
		0F2801DB1E94E74900678260 /* Info.plist */ = {isa = PBXFileReference; lastKnownFileType = text.plist.xml; path = Info.plist; sourceTree = "<group>"; };
		0F2801E51E94EBF000678260 /* UINavigationController+Cloudox.h */ = {isa = PBXFileReference; fileEncoding = 4; lastKnownFileType = sourcecode.c.h; path = "UINavigationController+Cloudox.h"; sourceTree = "<group>"; };
		0F2801E61E94EBF000678260 /* UINavigationController+Cloudox.m */ = {isa = PBXFileReference; fileEncoding = 4; lastKnownFileType = sourcecode.c.objc; path = "UINavigationController+Cloudox.m"; sourceTree = "<group>"; };
		0F2801E81E94EE2600678260 /* UIViewController+Cloudox.h */ = {isa = PBXFileReference; fileEncoding = 4; lastKnownFileType = sourcecode.c.h; path = "UIViewController+Cloudox.h"; sourceTree = "<group>"; };
		0F2801E91E94EE2600678260 /* UIViewController+Cloudox.m */ = {isa = PBXFileReference; fileEncoding = 4; lastKnownFileType = sourcecode.c.objc; path = "UIViewController+Cloudox.m"; sourceTree = "<group>"; };
		0F2F26771E96068700C878B4 /* NextViewController.h */ = {isa = PBXFileReference; fileEncoding = 4; lastKnownFileType = sourcecode.c.h; path = NextViewController.h; sourceTree = "<group>"; };
		0F2F26781E96068700C878B4 /* NextViewController.m */ = {isa = PBXFileReference; fileEncoding = 4; lastKnownFileType = sourcecode.c.objc; path = NextViewController.m; sourceTree = "<group>"; };
/* End PBXFileReference section */

/* Begin PBXFrameworksBuildPhase section */
		0F2801C41E94E74800678260 /* Frameworks */ = {
			isa = PBXFrameworksBuildPhase;
			buildActionMask = 2147483647;
			files = (
			);
			runOnlyForDeploymentPostprocessing = 0;
		};
/* End PBXFrameworksBuildPhase section */

/* Begin PBXGroup section */
		0F2801BE1E94E74800678260 = {
			isa = PBXGroup;
			children = (
				0F2801C91E94E74800678260 /* MyNavigationBar */,
				0F2801C81E94E74800678260 /* Products */,
			);
			sourceTree = "<group>";
		};
		0F2801C81E94E74800678260 /* Products */ = {
			isa = PBXGroup;
			children = (
				0F2801C71E94E74800678260 /* MyNavigationBar.app */,
			);
			name = Products;
			sourceTree = "<group>";
		};
		0F2801C91E94E74800678260 /* MyNavigationBar */ = {
			isa = PBXGroup;
			children = (
				0F2801CD1E94E74800678260 /* AppDelegate.h */,
				0F2801CE1E94E74800678260 /* AppDelegate.m */,
				0F2801E51E94EBF000678260 /* UINavigationController+Cloudox.h */,
				0F2801E61E94EBF000678260 /* UINavigationController+Cloudox.m */,
				0F2801E81E94EE2600678260 /* UIViewController+Cloudox.h */,
				0F2801E91E94EE2600678260 /* UIViewController+Cloudox.m */,
				0F2801D01E94E74800678260 /* ViewController.h */,
				0F2801D11E94E74800678260 /* ViewController.m */,
				0F2F26771E96068700C878B4 /* NextViewController.h */,
				0F2F26781E96068700C878B4 /* NextViewController.m */,
				0F2801D31E94E74800678260 /* Main.storyboard */,
				0F2801D61E94E74900678260 /* Assets.xcassets */,
				0F2801D81E94E74900678260 /* LaunchScreen.storyboard */,
				0F2801DB1E94E74900678260 /* Info.plist */,
				0F2801CA1E94E74800678260 /* Supporting Files */,
			);
			path = MyNavigationBar;
			sourceTree = "<group>";
		};
		0F2801CA1E94E74800678260 /* Supporting Files */ = {
			isa = PBXGroup;
			children = (
				0F2801CB1E94E74800678260 /* main.m */,
			);
			name = "Supporting Files";
			sourceTree = "<group>";
		};
/* End PBXGroup section */

/* Begin PBXNativeTarget section */
		0F2801C61E94E74800678260 /* MyNavigationBar */ = {
			isa = PBXNativeTarget;
			buildConfigurationList = 0F2801DE1E94E74900678260 /* Build configuration list for PBXNativeTarget "MyNavigationBar" */;
			buildPhases = (
				0F2801C31E94E74800678260 /* Sources */,
				0F2801C41E94E74800678260 /* Frameworks */,
				0F2801C51E94E74800678260 /* Resources */,
			);
			buildRules = (
			);
			dependencies = (
			);
			name = MyNavigationBar;
			productName = MyNavigationBar;
			productReference = 0F2801C71E94E74800678260 /* MyNavigationBar.app */;
			productType = "com.apple.product-type.application";
		};
/* End PBXNativeTarget section */

/* Begin PBXProject section */
		0F2801BF1E94E74800678260 /* Project object */ = {
			isa = PBXProject;
			attributes = {
				LastUpgradeCheck = 0820;
				ORGANIZATIONNAME = my;
				TargetAttributes = {
					0F2801C61E94E74800678260 = {
						CreatedOnToolsVersion = 8.2.1;
						DevelopmentTeam = CG4F88GY6X;
						ProvisioningStyle = Automatic;
					};
				};
			};
			buildConfigurationList = 0F2801C21E94E74800678260 /* Build configuration list for PBXProject "MyNavigationBar" */;
			compatibilityVersion = "Xcode 3.2";
			developmentRegion = English;
			hasScannedForEncodings = 0;
			knownRegions = (
				en,
				Base,
			);
			mainGroup = 0F2801BE1E94E74800678260;
			productRefGroup = 0F2801C81E94E74800678260 /* Products */;
			projectDirPath = "";
			projectRoot = "";
			targets = (
				0F2801C61E94E74800678260 /* MyNavigationBar */,
			);
		};
/* End PBXProject section */

/* Begin PBXResourcesBuildPhase section */
		0F2801C51E94E74800678260 /* Resources */ = {
			isa = PBXResourcesBuildPhase;
			buildActionMask = 2147483647;
			files = (
				0F2801DA1E94E74900678260 /* LaunchScreen.storyboard in Resources */,
				0F2801D71E94E74900678260 /* Assets.xcassets in Resources */,
				0F2801D51E94E74800678260 /* Main.storyboard in Resources */,
			);
			runOnlyForDeploymentPostprocessing = 0;
		};
/* End PBXResourcesBuildPhase section */

/* Begin PBXSourcesBuildPhase section */
		0F2801C31E94E74800678260 /* Sources */ = {
			isa = PBXSourcesBuildPhase;
			buildActionMask = 2147483647;
			files = (
				0F2801E71E94EBF000678260 /* UINavigationController+Cloudox.m in Sources */,
				0F2F26791E96068700C878B4 /* NextViewController.m in Sources */,
				0F2801D21E94E74800678260 /* ViewController.m in Sources */,
				0F2801EA1E94EE2600678260 /* UIViewController+Cloudox.m in Sources */,
				0F2801CF1E94E74800678260 /* AppDelegate.m in Sources */,
				0F2801CC1E94E74800678260 /* main.m in Sources */,
			);
			runOnlyForDeploymentPostprocessing = 0;
		};
/* End PBXSourcesBuildPhase section */

/* Begin PBXVariantGroup section */
		0F2801D31E94E74800678260 /* Main.storyboard */ = {
			isa = PBXVariantGroup;
			children = (
				0F2801D41E94E74800678260 /* Base */,
			);
			name = Main.storyboard;
			sourceTree = "<group>";
		};
		0F2801D81E94E74900678260 /* LaunchScreen.storyboard */ = {
			isa = PBXVariantGroup;
			children = (
				0F2801D91E94E74900678260 /* Base */,
			);
			name = LaunchScreen.storyboard;
			sourceTree = "<group>";
		};
/* End PBXVariantGroup section */

/* Begin XCBuildConfiguration section */
		0F2801DC1E94E74900678260 /* Debug */ = {
			isa = XCBuildConfiguration;
			buildSettings = {
				ALWAYS_SEARCH_USER_PATHS = NO;
				CLANG_ANALYZER_NONNULL = YES;
				CLANG_CXX_LANGUAGE_STANDARD = "gnu++0x";
				CLANG_CXX_LIBRARY = "libc++";
				CLANG_ENABLE_MODULES = YES;
				CLANG_ENABLE_OBJC_ARC = YES;
				CLANG_WARN_BOOL_CONVERSION = YES;
				CLANG_WARN_CONSTANT_CONVERSION = YES;
				CLANG_WARN_DIRECT_OBJC_ISA_USAGE = YES_ERROR;
				CLANG_WARN_DOCUMENTATION_COMMENTS = YES;
				CLANG_WARN_EMPTY_BODY = YES;
				CLANG_WARN_ENUM_CONVERSION = YES;
				CLANG_WARN_INFINITE_RECURSION = YES;
				CLANG_WARN_INT_CONVERSION = YES;
				CLANG_WARN_OBJC_ROOT_CLASS = YES_ERROR;
				CLANG_WARN_SUSPICIOUS_MOVE = YES;
				CLANG_WARN_UNREACHABLE_CODE = YES;
				CLANG_WARN__DUPLICATE_METHOD_MATCH = YES;
				"CODE_SIGN_IDENTITY[sdk=iphoneos*]" = "iPhone Developer";
				COPY_PHASE_STRIP = NO;
				DEBUG_INFORMATION_FORMAT = dwarf;
				ENABLE_STRICT_OBJC_MSGSEND = YES;
				ENABLE_TESTABILITY = YES;
				GCC_C_LANGUAGE_STANDARD = gnu99;
				GCC_DYNAMIC_NO_PIC = NO;
				GCC_NO_COMMON_BLOCKS = YES;
				GCC_OPTIMIZATION_LEVEL = 0;
				GCC_PREPROCESSOR_DEFINITIONS = (
					"DEBUG=1",
					"$(inherited)",
				);
				GCC_WARN_64_TO_32_BIT_CONVERSION = YES;
				GCC_WARN_ABOUT_RETURN_TYPE = YES_ERROR;
				GCC_WARN_UNDECLARED_SELECTOR = YES;
				GCC_WARN_UNINITIALIZED_AUTOS = YES_AGGRESSIVE;
				GCC_WARN_UNUSED_FUNCTION = YES;
				GCC_WARN_UNUSED_VARIABLE = YES;
				IPHONEOS_DEPLOYMENT_TARGET = 10.2;
				MTL_ENABLE_DEBUG_INFO = YES;
				ONLY_ACTIVE_ARCH = YES;
				SDKROOT = iphoneos;
				TARGETED_DEVICE_FAMILY = "1,2";
			};
			name = Debug;
		};
		0F2801DD1E94E74900678260 /* Release */ = {
			isa = XCBuildConfiguration;
			buildSettings = {
				ALWAYS_SEARCH_USER_PATHS = NO;
				CLANG_ANALYZER_NONNULL = YES;
				CLANG_CXX_LANGUAGE_STANDARD = "gnu++0x";
				CLANG_CXX_LIBRARY = "libc++";
				CLANG_ENABLE_MODULES = YES;
				CLANG_ENABLE_OBJC_ARC = YES;
				CLANG_WARN_BOOL_CONVERSION = YES;
				CLANG_WARN_CONSTANT_CONVERSION = YES;
				CLANG_WARN_DIRECT_OBJC_ISA_USAGE = YES_ERROR;
				CLANG_WARN_DOCUMENTATION_COMMENTS = YES;
				CLANG_WARN_EMPTY_BODY = YES;
				CLANG_WARN_ENUM_CONVERSION = YES;
				CLANG_WARN_INFINITE_RECURSION = YES;
				CLANG_WARN_INT_CONVERSION = YES;
				CLANG_WARN_OBJC_ROOT_CLASS = YES_ERROR;
				CLANG_WARN_SUSPICIOUS_MOVE = YES;
				CLANG_WARN_UNREACHABLE_CODE = YES;
				CLANG_WARN__DUPLICATE_METHOD_MATCH = YES;
				"CODE_SIGN_IDENTITY[sdk=iphoneos*]" = "iPhone Developer";
				COPY_PHASE_STRIP = NO;
				DEBUG_INFORMATION_FORMAT = "dwarf-with-dsym";
				ENABLE_NS_ASSERTIONS = NO;
				ENABLE_STRICT_OBJC_MSGSEND = YES;
				GCC_C_LANGUAGE_STANDARD = gnu99;
				GCC_NO_COMMON_BLOCKS = YES;
				GCC_WARN_64_TO_32_BIT_CONVERSION = YES;
				GCC_WARN_ABOUT_RETURN_TYPE = YES_ERROR;
				GCC_WARN_UNDECLARED_SELECTOR = YES;
				GCC_WARN_UNINITIALIZED_AUTOS = YES_AGGRESSIVE;
				GCC_WARN_UNUSED_FUNCTION = YES;
				GCC_WARN_UNUSED_VARIABLE = YES;
				IPHONEOS_DEPLOYMENT_TARGET = 10.2;
				MTL_ENABLE_DEBUG_INFO = NO;
				SDKROOT = iphoneos;
				TARGETED_DEVICE_FAMILY = "1,2";
				VALIDATE_PRODUCT = YES;
			};
			name = Release;
		};
		0F2801DF1E94E74900678260 /* Debug */ = {
			isa = XCBuildConfiguration;
			buildSettings = {
				ASSETCATALOG_COMPILER_APPICON_NAME = AppIcon;
				DEVELOPMENT_TEAM = CG4F88GY6X;
				INFOPLIST_FILE = MyNavigationBar/Info.plist;
				IPHONEOS_DEPLOYMENT_TARGET = 8.1;
				LD_RUNPATH_SEARCH_PATHS = "$(inherited) @executable_path/Frameworks";
				PRODUCT_BUNDLE_IDENTIFIER = com.my..MyNavigationBar;
				PRODUCT_NAME = "$(TARGET_NAME)";
			};
			name = Debug;
		};
		0F2801E01E94E74900678260 /* Release */ = {
			isa = XCBuildConfiguration;
			buildSettings = {
				ASSETCATALOG_COMPILER_APPICON_NAME = AppIcon;
				DEVELOPMENT_TEAM = CG4F88GY6X;
				INFOPLIST_FILE = MyNavigationBar/Info.plist;
				IPHONEOS_DEPLOYMENT_TARGET = 8.1;
				LD_RUNPATH_SEARCH_PATHS = "$(inherited) @executable_path/Frameworks";
				PRODUCT_BUNDLE_IDENTIFIER = com.my..MyNavigationBar;
				PRODUCT_NAME = "$(TARGET_NAME)";
			};
			name = Release;
		};
/* End XCBuildConfiguration section */

/* Begin XCConfigurationList section */
		0F2801C21E94E74800678260 /* Build configuration list for PBXProject "MyNavigationBar" */ = {
			isa = XCConfigurationList;
			buildConfigurations = (
				0F2801DC1E94E74900678260 /* Debug */,
				0F2801DD1E94E74900678260 /* Release */,
			);
			defaultConfigurationIsVisible = 0;
			defaultConfigurationName = Release;
		};
		0F2801DE1E94E74900678260 /* Build configuration list for PBXNativeTarget "MyNavigationBar" */ = {
			isa = XCConfigurationList;
			buildConfigurations = (
				0F2801DF1E94E74900678260 /* Debug */,
				0F2801E01E94E74900678260 /* Release */,
			);
			defaultConfigurationIsVisible = 0;
			defaultConfigurationName = Release;
		};
/* End XCConfigurationList section */
	};
	rootObject = 0F2801BF1E94E74800678260 /* Project object */;
}
